# THIS IS AN AUTOGENERATED FILE. DO NOT EDIT THIS FILE DIRECTLY.
# yarn lockfile v1


"@supabase/functions-js@^2.1.5":
  "integrity" "sha512-BNzC5XhCzzCaggJ8s53DP+WeHHGT/NfTsx2wUSSGKR2/ikLFQTBCDzMvGz/PxYMqRko/LwncQtKXGOYp1PkPaw=="
  "resolved" "https://registry.npmmirror.com/@supabase/functions-js/-/functions-js-2.1.5.tgz"
  "version" "2.1.5"
  dependencies:
    "@supabase/node-fetch" "^2.6.14"

"@supabase/gotrue-js@^2.51.0":
  "integrity" "sha512-GCF8meXaF6fMVciBsWTKN5neSennGgOMrUC3rjVOlSr/0yNi1YnqJyTi6ULaSrG2eyx8f5pv1zB1jD3Thw9Fag=="
  "resolved" "https://registry.npmmirror.com/@supabase/gotrue-js/-/gotrue-js-2.53.0.tgz"
  "version" "2.53.0"
  dependencies:
    "@supabase/node-fetch" "^2.6.14"

"@supabase/node-fetch@^2.6.14":
  "integrity" "sha512-w/Tsd22e/5fAeoxqQ4P2MX6EyF+iM6rc9kmlMVFkHuG0rAltt2TLhFbDJfemnHbtvnazWaRfy5KnFU/SYT37dQ=="
  "resolved" "https://registry.npmmirror.com/@supabase/node-fetch/-/node-fetch-2.6.14.tgz"
  "version" "2.6.14"
  dependencies:
    "whatwg-url" "^5.0.0"

"@supabase/postgrest-js@^1.8.4":
  "integrity" "sha512-ELjpvhb04wILUiJz9zIsTSwaz9LQNlX+Ig5/LgXQ7k68qQI6NqHVn+ISRNt53DngUIyOnLHjeqqIRHBZ7zpgGA=="
  "resolved" "https://registry.npmmirror.com/@supabase/postgrest-js/-/postgrest-js-1.8.4.tgz"
  "version" "1.8.4"
  dependencies:
    "@supabase/node-fetch" "^2.6.14"

"@supabase/realtime-js@^2.7.4":
  "integrity" "sha512-FzSzs1k9ruh/uds5AJ95Nc3beiMCCIhougExJ3O98CX1LMLAKUKFy5FivKLvcNhXnNfUEL0XUfGMb4UH2J7alg=="
  "resolved" "https://registry.npmmirror.com/@supabase/realtime-js/-/realtime-js-2.7.4.tgz"
  "version" "2.7.4"
  dependencies:
    "@types/phoenix" "^1.5.4"
    "@types/websocket" "^1.0.3"
    "websocket" "^1.0.34"

"@supabase/storage-js@^2.5.4":
  "integrity" "sha512-yspHD19I9uQUgfTh0J94+/r/g6hnhdQmw6Y7OWqr/EbnL6uvicGV1i1UDkkmeUHqfF9Mbt2sLtuxRycYyKv2ew=="
  "resolved" "https://registry.npmmirror.com/@supabase/storage-js/-/storage-js-2.5.4.tgz"
  "version" "2.5.4"
  dependencies:
    "@supabase/node-fetch" "^2.6.14"

"@supabase/supabase-js@^2.34.0":
  "integrity" "sha512-4x+Kkn1NmeA7odSCrwa0J5TN+YrldDVxcPZ/OJuEIOBY4lUM9W/pENlzCEcfS+CetDF6ufFsmjTaVWGxDdZJKQ=="
  "resolved" "https://registry.npmmirror.com/@supabase/supabase-js/-/supabase-js-2.34.0.tgz"
  "version" "2.34.0"
  dependencies:
    "@supabase/functions-js" "^2.1.5"
    "@supabase/gotrue-js" "^2.51.0"
    "@supabase/node-fetch" "^2.6.14"
    "@supabase/postgrest-js" "^1.8.4"
    "@supabase/realtime-js" "^2.7.4"
    "@supabase/storage-js" "^2.5.4"

"@types/node@*":
  "integrity" "sha512-HksnYH4Ljr4VQgEy2lTStbCKv/P590tmPe5HqOnv9Gprffgv5WXAY+Y5Gqniu0GGqeTCUdBnzC3QSrzPkBkAMA=="
  "resolved" "https://registry.npmmirror.com/@types/node/-/node-20.6.3.tgz"
  "version" "20.6.3"

"@types/phoenix@^1.5.4":
  "integrity" "sha512-g2/8Ogi2zfiS25jdGT5iDSo5yjruhhXaOuOJCkOxMW28w16VxFvjtAXjBNRo7WlRS4+UXAMj3mK46UwieNM/5g=="
  "resolved" "https://registry.npmmirror.com/@types/phoenix/-/phoenix-1.6.1.tgz"
  "version" "1.6.1"

"@types/websocket@^1.0.3":
  "integrity" "sha512-JXkliwz93B2cMWOI1ukElQBPN88vMg3CruvW4KVSKpflt3NyNCJImnhIuB/f97rG7kakqRJGFiwkA895Kn02Dg=="
  "resolved" "https://registry.npmmirror.com/@types/websocket/-/websocket-1.0.6.tgz"
  "version" "1.0.6"
  dependencies:
    "@types/node" "*"

"ansi-regex@^5.0.1":
  "integrity" "sha1-CCyyyJyf6GWaMRpTvWpNxTAdswQ="
  "resolved" "https://registry.npmmirror.com/ansi-regex/download/ansi-regex-5.0.1.tgz"
  "version" "5.0.1"

"boolbase@^1.0.0":
  "integrity" "sha1-aN/1++YMUes3cl6p4+0xDcwed24="
  "resolved" "https://registry.npmmirror.com/boolbase/download/boolbase-1.0.0.tgz"
  "version" "1.0.0"

"bufferutil@^4.0.1":
  "integrity" "sha512-kukuqc39WOHtdxtw4UScxF/WVnMFVSQVKhtx3AjZJzhd0RGZZldcrfSEbVsWWe6KNH253574cq5F+wpv0G9pJw=="
  "resolved" "https://registry.npmmirror.com/bufferutil/-/bufferutil-4.0.7.tgz"
  "version" "4.0.7"
  dependencies:
    "node-gyp-build" "^4.3.0"

"cheerio-select@^1.5.0":
  "integrity" "sha1-+vPa6zGxfF4anavO4oiq+Kr6WCM="
  "resolved" "https://registry.npmmirror.com/cheerio-select/download/cheerio-select-1.5.0.tgz"
  "version" "1.5.0"
  dependencies:
    "css-select" "^4.1.3"
    "css-what" "^5.0.1"
    "domelementtype" "^2.2.0"
    "domhandler" "^4.2.0"
    "domutils" "^2.7.0"

"cheerio@^1.0.0-rc.10":
  "integrity" "sha1-K6Pc38wm55VvwfRA5h1RxkM3nz4="
  "resolved" "https://registry.npmmirror.com/cheerio/download/cheerio-1.0.0-rc.10.tgz?cache=0&sync_timestamp=1632754211276&other_urls=https%3A%2F%2Fregistry.npmmirror.com%2Fcheerio%2Fdownload%2Fcheerio-1.0.0-rc.10.tgz"
  "version" "1.0.0-rc.10"
  dependencies:
    "cheerio-select" "^1.5.0"
    "dom-serializer" "^1.3.2"
    "domhandler" "^4.2.0"
    "htmlparser2" "^6.1.0"
    "parse5" "^6.0.1"
    "parse5-htmlparser2-tree-adapter" "^6.0.1"
    "tslib" "^2.2.0"

"cli-progress@^3.9.1":
  "integrity" "sha1-oi66aiD1Mon90F1e6MssyMKPhm4="
  "resolved" "https://registry.npmmirror.com/cli-progress/download/cli-progress-3.9.1.tgz"
  "version" "3.9.1"
  dependencies:
    "colors" "^1.1.2"
    "string-width" "^4.2.0"

"colors@^1.1.2":
  "integrity" "sha1-xQSRR51MG9rtLJztMs98fcI2D3g="
  "resolved" "https://registry.npmmirror.com/colors/download/colors-1.4.0.tgz"
  "version" "1.4.0"

"commander@^8.3.0":
  "integrity" "sha1-SDfqGy2me5xhamevuw+v7lZ7ymY="
  "resolved" "https://registry.npmmirror.com/commander/download/commander-8.3.0.tgz?cache=0&sync_timestamp=1634886396986&other_urls=https%3A%2F%2Fregistry.npmmirror.com%2Fcommander%2Fdownload%2Fcommander-8.3.0.tgz"
  "version" "8.3.0"

"css-select@^4.1.3":
  "version" "4.2.1"
  dependencies:
    "boolbase" "^1.0.0"
    "css-what" "^5.1.0"
    "domhandler" "^4.3.0"
    "domutils" "^2.8.0"
    "nth-check" "^2.0.1"

"css-what@^5.0.1", "css-what@^5.1.0":
  "integrity" "sha1-P3tweq32M7r2LCzrhXm1RbtA9/4="
  "resolved" "https://registry.npmmirror.com/css-what/download/css-what-5.1.0.tgz?cache=0&sync_timestamp=1633864166376&other_urls=https%3A%2F%2Fregistry.npmmirror.com%2Fcss-what%2Fdownload%2Fcss-what-5.1.0.tgz"
  "version" "5.1.0"

"d@^1.0.1", "d@1":
  "integrity" "sha512-m62ShEObQ39CfralilEQRjH6oAMtNCV1xJyEx5LpRYUVN+EviphDgUc/F3hnYbADmkiNs67Y+3ylmlG7Lnu+FA=="
  "resolved" "https://registry.npmmirror.com/d/-/d-1.0.1.tgz"
  "version" "1.0.1"
  dependencies:
    "es5-ext" "^0.10.50"
    "type" "^1.0.1"

"debug@^2.2.0":
  "integrity" "sha512-bC7ElrdJaJnPbAP+1EotYvqZsb3ecl5wi6Bfi6BJTUcNowp6cvspg0jXznRTKDjm/E7AdgFBVeAPVMNcKGsHMA=="
  "resolved" "https://registry.npmmirror.com/debug/-/debug-2.6.9.tgz"
  "version" "2.6.9"
  dependencies:
    "ms" "2.0.0"

"dom-serializer@^1.0.1", "dom-serializer@^1.3.2":
  "integrity" "sha1-YgZDfTLO767HFhgDIwx6ILwbTZE="
  "resolved" "https://registry.npmmirror.com/dom-serializer/download/dom-serializer-1.3.2.tgz"
  "version" "1.3.2"
  dependencies:
    "domelementtype" "^2.0.1"
    "domhandler" "^4.2.0"
    "entities" "^2.0.0"

"domelementtype@^2.0.1", "domelementtype@^2.2.0":
  "integrity" "sha1-mgtsJ4LtahxzI9QiZxg9+b2LHVc="
  "resolved" "https://registry.npmmirror.com/domelementtype/download/domelementtype-2.2.0.tgz"
  "version" "2.2.0"

"domhandler@^4.0.0", "domhandler@^4.2.0", "domhandler@^4.3.0":
  "version" "4.3.0"
  dependencies:
    "domelementtype" "^2.2.0"

"domutils@^2.5.2", "domutils@^2.7.0", "domutils@^2.8.0":
  "integrity" "sha1-RDfe9dtuLR9dbuhZvZXKfQIEgTU="
  "resolved" "https://registry.npmmirror.com/domutils/download/domutils-2.8.0.tgz"
  "version" "2.8.0"
  dependencies:
    "dom-serializer" "^1.0.1"
    "domelementtype" "^2.2.0"
    "domhandler" "^4.2.0"

"emoji-regex@^8.0.0":
  "integrity" "sha1-6Bj9ac5cz8tARZT4QpY79TFkzDc="
  "resolved" "https://registry.npmmirror.com/emoji-regex/download/emoji-regex-8.0.0.tgz?cache=0&sync_timestamp=1632752198735&other_urls=https%3A%2F%2Fregistry.npmmirror.com%2Femoji-regex%2Fdownload%2Femoji-regex-8.0.0.tgz"
  "version" "8.0.0"

"entities@^2.0.0":
  "integrity" "sha1-CY3JDruD2N/6CJ1VJWs1HTTE2lU="
  "resolved" "https://registry.npmmirror.com/entities/download/entities-2.2.0.tgz"
  "version" "2.2.0"

"es5-ext@^0.10.35", "es5-ext@^0.10.50":
  "integrity" "sha512-BHLqn0klhEpnOKSrzn/Xsz2UIW8j+cGmo9JLzr8BiUapV8hPL9+FliFqjwr9ngW7jWdnxv6eO+/LqyhJVqgrjA=="
  "resolved" "https://registry.npmmirror.com/es5-ext/-/es5-ext-0.10.62.tgz"
  "version" "0.10.62"
  dependencies:
    "es6-iterator" "^2.0.3"
    "es6-symbol" "^3.1.3"
    "next-tick" "^1.1.0"

"es6-iterator@^2.0.3":
  "integrity" "sha512-zw4SRzoUkd+cl+ZoE15A9o1oQd920Bb0iOJMQkQhl3jNc03YqVjAhG7scf9C5KWRU/R13Orf588uCC6525o02g=="
  "resolved" "https://registry.npmmirror.com/es6-iterator/-/es6-iterator-2.0.3.tgz"
  "version" "2.0.3"
  dependencies:
    "d" "1"
    "es5-ext" "^0.10.35"
    "es6-symbol" "^3.1.1"

"es6-symbol@^3.1.1", "es6-symbol@^3.1.3":
  "integrity" "sha512-NJ6Yn3FuDinBaBRWl/q5X/s4koRHBrgKAu+yGI6JCBeiu3qrcbJhwT2GeR/EXVfylRk8dpQVJoLEFhK+Mu31NA=="
  "resolved" "https://registry.npmmirror.com/es6-symbol/-/es6-symbol-3.1.3.tgz"
  "version" "3.1.3"
  dependencies:
    "d" "^1.0.1"
    "ext" "^1.1.2"

"ext@^1.1.2":
  "integrity" "sha512-6hxeJYaL110a9b5TEJSj0gojyHQAmA2ch5Os+ySCiA1QGdS697XWY1pzsrSjqA9LDEEgdB/KypIlR59RcLuHYw=="
  "resolved" "https://registry.npmmirror.com/ext/-/ext-1.7.0.tgz"
  "version" "1.7.0"
  dependencies:
    "type" "^2.7.2"

"htmlparser2@^6.1.0":
  "integrity" "sha1-xNditsM3GgXb5l6UrkOp+EX7j7c="
  "resolved" "https://registry.npmmirror.com/htmlparser2/download/htmlparser2-6.1.0.tgz"
  "version" "6.1.0"
  dependencies:
    "domelementtype" "^2.0.1"
    "domhandler" "^4.0.0"
    "domutils" "^2.5.2"
    "entities" "^2.0.0"

"is-fullwidth-code-point@^3.0.0":
  "integrity" "sha1-8Rb4Bk/pCz94RKOJl8C3UFEmnx0="
  "resolved" "https://registry.npmmirror.com/is-fullwidth-code-point/download/is-fullwidth-code-point-3.0.0.tgz"
  "version" "3.0.0"

"is-typedarray@^1.0.0":
  "integrity" "sha512-cyA56iCMHAh5CdzjJIa4aohJyeO1YbwLi3Jc35MmRU6poroFjIGZzUzupGiRPOjgHg9TLu43xbpwXk523fMxKA=="
  "resolved" "https://registry.npmmirror.com/is-typedarray/-/is-typedarray-1.0.0.tgz"
  "version" "1.0.0"

"mkdirp@^1.0.4":
  "integrity" "sha1-PrXtYmInVteaXw4qIh3+utdcL34="
  "resolved" "https://registry.npmmirror.com/mkdirp/download/mkdirp-1.0.4.tgz"
  "version" "1.0.4"

"ms@2.0.0":
  "integrity" "sha512-Tpp60P6IUJDTuOq/5Z8cdskzJujfwqfOTkrwIwj7IRISpnkJnT6SyJ4PCPnGMoFjC9ddhal5KVIYtAt97ix05A=="
  "resolved" "https://registry.npmmirror.com/ms/-/ms-2.0.0.tgz"
  "version" "2.0.0"

"next-tick@^1.1.0":
  "integrity" "sha512-CXdUiJembsNjuToQvxayPZF9Vqht7hewsvy2sOWafLvi2awflj9mOC6bHIg50orX8IJvWKY9wYQ/zB2kogPslQ=="
  "resolved" "https://registry.npmmirror.com/next-tick/-/next-tick-1.1.0.tgz"
  "version" "1.1.0"

"node-fetch@2":
  "integrity" "sha1-F1GnwBg06OFpd1hzLp77burfr4k="
  "resolved" "https://registry.npmmirror.com/node-fetch/download/node-fetch-2.6.6.tgz?cache=0&sync_timestamp=1636395469986&other_urls=https%3A%2F%2Fregistry.npmmirror.com%2Fnode-fetch%2Fdownload%2Fnode-fetch-2.6.6.tgz"
  "version" "2.6.6"
  dependencies:
    "whatwg-url" "^5.0.0"

"node-gyp-build@^4.3.0":
  "integrity" "sha512-24vnklJmyRS8ViBNI8KbtK/r/DmXQMRiOMXTNz2nrTnAYUwjmEEbnnpB/+kt+yWRv73bPsSPRFddrcIbAxSiMQ=="
  "resolved" "https://registry.npmmirror.com/node-gyp-build/-/node-gyp-build-4.6.1.tgz"
  "version" "4.6.1"

"nth-check@^2.0.1":
  "version" "2.0.1"
  dependencies:
    "boolbase" "^1.0.0"

"parse5-htmlparser2-tree-adapter@^6.0.1":
  "integrity" "sha1-LN+a2CMyEUA3DU2/XT6Sx8jdxuY="
  "resolved" "https://registry.npmmirror.com/parse5-htmlparser2-tree-adapter/download/parse5-htmlparser2-tree-adapter-6.0.1.tgz"
  "version" "6.0.1"
  dependencies:
    "parse5" "^6.0.1"

"parse5@^6.0.1":
  "integrity" "sha1-4aHAhcVps9wIMhGE8Zo5zCf3wws="
  "resolved" "https://registry.npmmirror.com/parse5/download/parse5-6.0.1.tgz"
  "version" "6.0.1"

"string-width@^4.2.0":
  "integrity" "sha1-JpxxF9J7Ba0uU2gwqOyJXvnG0BA="
  "resolved" "https://registry.npmmirror.com/string-width/download/string-width-4.2.3.tgz"
  "version" "4.2.3"
  dependencies:
    "emoji-regex" "^8.0.0"
    "is-fullwidth-code-point" "^3.0.0"
    "strip-ansi" "^6.0.1"

"strip-ansi@^6.0.1":
  "integrity" "sha1-nibGPTD1NEPpSJSVshBdN7Z6hdk="
  "resolved" "https://registry.npmmirror.com/strip-ansi/download/strip-ansi-6.0.1.tgz"
  "version" "6.0.1"
  dependencies:
    "ansi-regex" "^5.0.1"

"tr46@~0.0.3":
  "integrity" "sha1-gYT9NH2snNwYWZLzpmIuFLnZq2o="
  "resolved" "https://registry.npmmirror.com/tr46/download/tr46-0.0.3.tgz"
  "version" "0.0.3"

"tslib@^2.2.0":
  "integrity" "sha1-6KM1rdXOrlGqJh0ypJAVjvBC7wE="
  "resolved" "https://registry.npmmirror.com/tslib/download/tslib-2.3.1.tgz"
  "version" "2.3.1"

"type@^1.0.1":
  "integrity" "sha512-+5nt5AAniqsCnu2cEQQdpzCAh33kVx8n0VoFidKpB1dVVLAN/F+bgVOqOJqOnEnrhp222clB5p3vUlD+1QAnfg=="
  "resolved" "https://registry.npmmirror.com/type/-/type-1.2.0.tgz"
  "version" "1.2.0"

"type@^2.7.2":
  "integrity" "sha512-dzlvlNlt6AXU7EBSfpAscydQ7gXB+pPGsPnfJnZpiNJBDj7IaJzQlBZYGdEi4R9HmPdBv2XmWJ6YUtoTa7lmCw=="
  "resolved" "https://registry.npmmirror.com/type/-/type-2.7.2.tgz"
  "version" "2.7.2"

"typedarray-to-buffer@^3.1.5":
  "integrity" "sha512-zdu8XMNEDepKKR+XYOXAVPtWui0ly0NtohUscw+UmaHiAWT8hrV1rr//H6V+0DvJ3OQ19S979M0laLfX8rm82Q=="
  "resolved" "https://registry.npmmirror.com/typedarray-to-buffer/-/typedarray-to-buffer-3.1.5.tgz"
  "version" "3.1.5"
  dependencies:
    "is-typedarray" "^1.0.0"

"utf-8-validate@^5.0.2":
  "integrity" "sha512-Z6czzLq4u8fPOyx7TU6X3dvUZVvoJmxSQ+IcrlmagKhilxlhZgxPK6C5Jqbkw1IDUmFTM+cz9QDnnLTwDz/2gQ=="
  "resolved" "https://registry.npmmirror.com/utf-8-validate/-/utf-8-validate-5.0.10.tgz"
  "version" "5.0.10"
  dependencies:
    "node-gyp-build" "^4.3.0"

"webidl-conversions@^3.0.0":
  "integrity" "sha1-JFNCdeKnvGvnvIZhHMFq4KVlSHE="
  "resolved" "https://registry.npmmirror.com/webidl-conversions/download/webidl-conversions-3.0.1.tgz"
  "version" "3.0.1"

"websocket@^1.0.34":
  "integrity" "sha512-PRDso2sGwF6kM75QykIesBijKSVceR6jL2G8NGYyq2XrItNC2P5/qL5XeR056GhA+Ly7JMFvJb9I312mJfmqnQ=="
  "resolved" "https://registry.npmmirror.com/websocket/-/websocket-1.0.34.tgz"
  "version" "1.0.34"
  dependencies:
    "bufferutil" "^4.0.1"
    "debug" "^2.2.0"
    "es5-ext" "^0.10.50"
    "typedarray-to-buffer" "^3.1.5"
    "utf-8-validate" "^5.0.2"
    "yaeti" "^0.0.6"

"whatwg-url@^5.0.0":
  "integrity" "sha1-lmRU6HZUYuN2RNNib2dCzotwll0="
  "resolved" "https://registry.npmmirror.com/whatwg-url/download/whatwg-url-5.0.0.tgz?cache=0&sync_timestamp=1634673664859&other_urls=https%3A%2F%2Fregistry.npmmirror.com%2Fwhatwg-url%2Fdownload%2Fwhatwg-url-5.0.0.tgz"
  "version" "5.0.0"
  dependencies:
    "tr46" "~0.0.3"
    "webidl-conversions" "^3.0.0"

"yaeti@^0.0.6":
  "integrity" "sha512-MvQa//+KcZCUkBTIC9blM+CU9J2GzuTytsOUwf2lidtvkx/6gnEp1QvJv34t9vdjhFmha/mUiNDbN0D0mJWdug=="
  "resolved" "https://registry.npmmirror.com/yaeti/-/yaeti-0.0.6.tgz"
  "version" "0.0.6"
